
Microsoft Visual Studio Solution File, Format Version 12.00
# Visual Studio 2012
Project("{FAE04EC0-301F-11D3-BF4B-00C04F79EFBC}") = "Apsis.TenPinBowling.Simulator", "Apsis.TenPinBowling.Simulator\Apsis.TenPinBowling.Simulator.csproj", "{0E632207-9E26-46F7-A368-87E0301599ED}"
EndProject
Project("{FAE04EC0-301F-11D3-BF4B-00C04F79EFBC}") = "Apsis.TenPinBowling.Simulator.Domain", "Apsis.TenPinBowling.Simulator.Domain\Apsis.TenPinBowling.Simulator.Domain.csproj", "{E01F3599-054A-42F6-B17A-8E90429988BB}"
EndProject
Project("{FAE04EC0-301F-11D3-BF4B-00C04F79EFBC}") = "Apsis.TenPinBowling.Simulator.Domain.Test", "Apsis.TenPinBowling.Simulator.Domain.Test\Apsis.TenPinBowling.Simulator.Domain.Test.csproj", "{82B57801-4AE9-434B-87EB-06805D9861A6}"
EndProject
Project("{2150E333-8FDC-42A3-9474-1A3956D46DE8}") = "Test", "Test", "{A49A3AF3-1756-4A0B-87BF-8EB443107B61}"
EndProject
Global
	GlobalSection(SolutionConfigurationPlatforms) = preSolution
		Debug|Any CPU = Debug|Any CPU
		Release|Any CPU = Release|Any CPU
	EndGlobalSection
	GlobalSection(ProjectConfigurationPlatforms) = postSolution
		{0E632207-9E26-46F7-A368-87E0301599ED}.Debug|Any CPU.ActiveCfg = Debug|Any CPU
		{0E632207-9E26-46F7-A368-87E0301599ED}.Debug|Any CPU.Build.0 = Debug|Any CPU
		{0E632207-9E26-46F7-A368-87E0301599ED}.Release|Any CPU.ActiveCfg = Release|Any CPU
		{0E632207-9E26-46F7-A368-87E0301599ED}.Release|Any CPU.Build.0 = Release|Any CPU
		{E01F3599-054A-42F6-B17A-8E90429988BB}.Debug|Any CPU.ActiveCfg = Debug|Any CPU
		{E01F3599-054A-42F6-B17A-8E90429988BB}.Debug|Any CPU.Build.0 = Debug|Any CPU
		{E01F3599-054A-42F6-B17A-8E90429988BB}.Release|Any CPU.ActiveCfg = Release|Any CPU
		{E01F3599-054A-42F6-B17A-8E90429988BB}.Release|Any CPU.Build.0 = Release|Any CPU
		{82B57801-4AE9-434B-87EB-06805D9861A6}.Debug|Any CPU.ActiveCfg = Debug|Any CPU
		{82B57801-4AE9-434B-87EB-06805D9861A6}.Debug|Any CPU.Build.0 = Debug|Any CPU
		{82B57801-4AE9-434B-87EB-06805D9861A6}.Release|Any CPU.ActiveCfg = Release|Any CPU
		{82B57801-4AE9-434B-87EB-06805D9861A6}.Release|Any CPU.Build.0 = Release|Any CPU
	EndGlobalSection
	GlobalSection(SolutionProperties) = preSolution
		HideSolutionNode = FALSE
	EndGlobalSection
	GlobalSection(NestedProjects) = preSolution
		{82B57801-4AE9-434B-87EB-06805D9861A6} = {A49A3AF3-1756-4A0B-87BF-8EB443107B61}
	EndGlobalSection
EndGlobal
